
Microsoft Visual Studio Solution File, Format Version 12.00
# Visual Studio Version 17
VisualStudioVersion = 17.8.34511.84
MinimumVisualStudioVersion = 10.0.40219.1
Project("{FAE04EC0-301F-11D3-BF4B-00C04F79EFBC}") = "API", "API\API.csproj", "{F9DCE0B0-C474-4362-B566-D35F60D6093A}"
EndProject
Project("{2150E333-8FDC-42A3-9474-1A3956D46DE8}") = "1. API Layer", "1. API Layer", "{0C66E8EE-B127-4569-8A15-E444C843E843}"
EndProject
Project("{2150E333-8FDC-42A3-9474-1A3956D46DE8}") = "2. Application Layer", "2. Application Layer", "{EA4F670D-3063-48DF-8E5A-8878A72ACB28}"
EndProject
Project("{2150E333-8FDC-42A3-9474-1A3956D46DE8}") = "3. Domain Layer", "3. Domain Layer", "{E95AE46F-6DFE-40CF-A3A4-D3981E71E86A}"
EndProject
Project("{2150E333-8FDC-42A3-9474-1A3956D46DE8}") = "4. Infra Layer", "4. Infra Layer", "{A4DB43FD-936A-4A87-A4C5-8CF481164542}"
EndProject
Project("{2150E333-8FDC-42A3-9474-1A3956D46DE8}") = "5. Test Layer", "5. Test Layer", "{24370DB7-BA9F-4146-A03F-AA80A6E4A0C9}"
EndProject
Project("{FAE04EC0-301F-11D3-BF4B-00C04F79EFBC}") = "Application", "Application\Application.csproj", "{6343BB7C-F4DC-44A8-929F-CA3FCDCA88FA}"
EndProject
Project("{FAE04EC0-301F-11D3-BF4B-00C04F79EFBC}") = "Domain", "Domain\Domain.csproj", "{DA2715A2-FD14-41BB-BB02-145A1482DA00}"
EndProject
Project("{FAE04EC0-301F-11D3-BF4B-00C04F79EFBC}") = "Infra.Data", "Infra.Data\Infra.Data.csproj", "{84E91BB9-7FF4-4007-A8F0-1F7D07CE4DAA}"
EndProject
Project("{FAE04EC0-301F-11D3-BF4B-00C04F79EFBC}") = "Infra.Http", "Infra.Http\Infra.Http.csproj", "{281D2FC1-2170-4F5F-A386-FD9B76770EDE}"
EndProject
Project("{FAE04EC0-301F-11D3-BF4B-00C04F79EFBC}") = "Infra.IoC", "Infra.IoC\Infra.IoC.csproj", "{56F68792-5E36-4BC3-B44E-DAB8F153777A}"
EndProject
Project("{FAE04EC0-301F-11D3-BF4B-00C04F79EFBC}") = "Infra.Utils", "Infra.Utils\Infra.Utils.csproj", "{84AE6E83-7026-4BD3-82FA-0808D62D165A}"
EndProject
Project("{FAE04EC0-301F-11D3-BF4B-00C04F79EFBC}") = "Tests", "Tests\Tests.csproj", "{BD84DFE5-0DBA-4782-902D-364647C36094}"
EndProject
Global
	GlobalSection(SolutionConfigurationPlatforms) = preSolution
		Debug|Any CPU = Debug|Any CPU
		Release|Any CPU = Release|Any CPU
	EndGlobalSection
	GlobalSection(ProjectConfigurationPlatforms) = postSolution
		{F9DCE0B0-C474-4362-B566-D35F60D6093A}.Debug|Any CPU.ActiveCfg = Debug|Any CPU
		{F9DCE0B0-C474-4362-B566-D35F60D6093A}.Debug|Any CPU.Build.0 = Debug|Any CPU
		{F9DCE0B0-C474-4362-B566-D35F60D6093A}.Release|Any CPU.ActiveCfg = Release|Any CPU
		{F9DCE0B0-C474-4362-B566-D35F60D6093A}.Release|Any CPU.Build.0 = Release|Any CPU
		{6343BB7C-F4DC-44A8-929F-CA3FCDCA88FA}.Debug|Any CPU.ActiveCfg = Debug|Any CPU
		{6343BB7C-F4DC-44A8-929F-CA3FCDCA88FA}.Debug|Any CPU.Build.0 = Debug|Any CPU
		{6343BB7C-F4DC-44A8-929F-CA3FCDCA88FA}.Release|Any CPU.ActiveCfg = Release|Any CPU
		{6343BB7C-F4DC-44A8-929F-CA3FCDCA88FA}.Release|Any CPU.Build.0 = Release|Any CPU
		{DA2715A2-FD14-41BB-BB02-145A1482DA00}.Debug|Any CPU.ActiveCfg = Debug|Any CPU
		{DA2715A2-FD14-41BB-BB02-145A1482DA00}.Debug|Any CPU.Build.0 = Debug|Any CPU
		{DA2715A2-FD14-41BB-BB02-145A1482DA00}.Release|Any CPU.ActiveCfg = Release|Any CPU
		{DA2715A2-FD14-41BB-BB02-145A1482DA00}.Release|Any CPU.Build.0 = Release|Any CPU
		{84E91BB9-7FF4-4007-A8F0-1F7D07CE4DAA}.Debug|Any CPU.ActiveCfg = Debug|Any CPU
		{84E91BB9-7FF4-4007-A8F0-1F7D07CE4DAA}.Debug|Any CPU.Build.0 = Debug|Any CPU
		{84E91BB9-7FF4-4007-A8F0-1F7D07CE4DAA}.Release|Any CPU.ActiveCfg = Release|Any CPU
		{84E91BB9-7FF4-4007-A8F0-1F7D07CE4DAA}.Release|Any CPU.Build.0 = Release|Any CPU
		{281D2FC1-2170-4F5F-A386-FD9B76770EDE}.Debug|Any CPU.ActiveCfg = Debug|Any CPU
		{281D2FC1-2170-4F5F-A386-FD9B76770EDE}.Debug|Any CPU.Build.0 = Debug|Any CPU
		{281D2FC1-2170-4F5F-A386-FD9B76770EDE}.Release|Any CPU.ActiveCfg = Release|Any CPU
		{281D2FC1-2170-4F5F-A386-FD9B76770EDE}.Release|Any CPU.Build.0 = Release|Any CPU
		{56F68792-5E36-4BC3-B44E-DAB8F153777A}.Debug|Any CPU.ActiveCfg = Debug|Any CPU
		{56F68792-5E36-4BC3-B44E-DAB8F153777A}.Debug|Any CPU.Build.0 = Debug|Any CPU
		{56F68792-5E36-4BC3-B44E-DAB8F153777A}.Release|Any CPU.ActiveCfg = Release|Any CPU
		{56F68792-5E36-4BC3-B44E-DAB8F153777A}.Release|Any CPU.Build.0 = Release|Any CPU
		{84AE6E83-7026-4BD3-82FA-0808D62D165A}.Debug|Any CPU.ActiveCfg = Debug|Any CPU
		{84AE6E83-7026-4BD3-82FA-0808D62D165A}.Debug|Any CPU.Build.0 = Debug|Any CPU
		{84AE6E83-7026-4BD3-82FA-0808D62D165A}.Release|Any CPU.ActiveCfg = Release|Any CPU
		{84AE6E83-7026-4BD3-82FA-0808D62D165A}.Release|Any CPU.Build.0 = Release|Any CPU
		{BD84DFE5-0DBA-4782-902D-364647C36094}.Debug|Any CPU.ActiveCfg = Debug|Any CPU
		{BD84DFE5-0DBA-4782-902D-364647C36094}.Debug|Any CPU.Build.0 = Debug|Any CPU
		{BD84DFE5-0DBA-4782-902D-364647C36094}.Release|Any CPU.ActiveCfg = Release|Any CPU
		{BD84DFE5-0DBA-4782-902D-364647C36094}.Release|Any CPU.Build.0 = Release|Any CPU
	EndGlobalSection
	GlobalSection(SolutionProperties) = preSolution
		HideSolutionNode = FALSE
	EndGlobalSection
	GlobalSection(NestedProjects) = preSolution
		{F9DCE0B0-C474-4362-B566-D35F60D6093A} = {0C66E8EE-B127-4569-8A15-E444C843E843}
		{6343BB7C-F4DC-44A8-929F-CA3FCDCA88FA} = {EA4F670D-3063-48DF-8E5A-8878A72ACB28}
		{DA2715A2-FD14-41BB-BB02-145A1482DA00} = {E95AE46F-6DFE-40CF-A3A4-D3981E71E86A}
		{84E91BB9-7FF4-4007-A8F0-1F7D07CE4DAA} = {A4DB43FD-936A-4A87-A4C5-8CF481164542}
		{281D2FC1-2170-4F5F-A386-FD9B76770EDE} = {A4DB43FD-936A-4A87-A4C5-8CF481164542}
		{56F68792-5E36-4BC3-B44E-DAB8F153777A} = {A4DB43FD-936A-4A87-A4C5-8CF481164542}
		{84AE6E83-7026-4BD3-82FA-0808D62D165A} = {A4DB43FD-936A-4A87-A4C5-8CF481164542}
		{BD84DFE5-0DBA-4782-902D-364647C36094} = {24370DB7-BA9F-4146-A03F-AA80A6E4A0C9}
	EndGlobalSection
	GlobalSection(ExtensibilityGlobals) = postSolution
		SolutionGuid = {FA364C62-7BE7-48CC-AC06-B6B6DBDC9290}
	EndGlobalSection
EndGlobal
